
Microsoft Visual Studio Solution File, Format Version 12.00
# Visual Studio Version 17
VisualStudioVersion = 17.9.34607.119
MinimumVisualStudioVersion = 10.0.40219.1
Project("{FAE04EC0-301F-11D3-BF4B-00C04F79EFBC}") = "DuendeIDP", "DuendeIDP\DuendeIDP.csproj", "{596977F8-7F74-435F-A292-508C95A7B970}"
EndProject
Global
	GlobalSection(SolutionConfigurationPlatforms) = preSolution
		Debug|Any CPU = Debug|Any CPU
		Release|Any CPU = Release|Any CPU
	EndGlobalSection
	GlobalSection(ProjectConfigurationPlatforms) = postSolution
		{596977F8-7F74-435F-A292-508C95A7B970}.Debug|Any CPU.ActiveCfg = Debug|Any CPU
		{596977F8-7F74-435F-A292-508C95A7B970}.Debug|Any CPU.Build.0 = Debug|Any CPU
		{596977F8-7F74-435F-A292-508C95A7B970}.Release|Any CPU.ActiveCfg = Release|Any CPU
		{596977F8-7F74-435F-A292-508C95A7B970}.Release|Any CPU.Build.0 = Release|Any CPU
	EndGlobalSection
	GlobalSection(SolutionProperties) = preSolution
		HideSolutionNode = FALSE
	EndGlobalSection
	GlobalSection(ExtensibilityGlobals) = postSolution
		SolutionGuid = {11FEDD38-0A62-4083-A8AD-49003B5DB028}
	EndGlobalSection
EndGlobal
